<?xml version="1.0" encoding="utf-8"?>
<Project ToolsVersion="4.0" xmlns="http://schemas.microsoft.com/developer/msbuild/2003">
  <ItemGroup>
    <Filter Include="Source Files">
      <UniqueIdentifier>{4FC737F1-C7A5-4376-A066-2A32D752A2FF}</UniqueIdentifier>
      <Extensions>cpp;cxx;c;def</Extensions>
    </Filter>
    <Filter Include="Header Files">
      <UniqueIdentifier>{93995380-89BD-4b04-88EB-625FBE52EBFB}</UniqueIdentifier>
      <Extensions>h</Extensions>
    </Filter>
    <Filter Include="Form Files">
      <UniqueIdentifier>{99349809-55BA-4b9d-BF79-8FDBB0286EB3}</UniqueIdentifier>
      <Extensions>ui</Extensions>
    </Filter>
    <Filter Include="Resource Files">
      <UniqueIdentifier>{D9D6E242-F8AF-46E4-B9FD-80ECBC20BA3E}</UniqueIdentifier>
      <Extensions>qrc;*</Extensions>
      <ParseFiles>false</ParseFiles>
    </Filter>
    <Filter Include="Generated Files">
      <UniqueIdentifier>{71ED8ED8-ACB9-4CE9-BBE1-E00B30144E11}</UniqueIdentifier>
      <Extensions>moc;h;cpp</Extensions>
      <SourceControlFiles>False</SourceControlFiles>
    </Filter>
    <Filter Include="Generated Files\Debug">
      <UniqueIdentifier>{890e65b5-1aea-4d32-be0a-34dab247ed41}</UniqueIdentifier>
      <Extensions>cpp;moc</Extensions>
      <SourceControlFiles>False</SourceControlFiles>
    </Filter>
    <Filter Include="Generated Files\Release">
      <UniqueIdentifier>{b972681c-3cf7-42c5-8147-78690ffbf972}</UniqueIdentifier>
      <Extensions>cpp;moc</Extensions>
      <SourceControlFiles>False</SourceControlFiles>
    </Filter>
  </ItemGroup>
  <ItemGroup>
    <ClCompile Include="main.cpp">
      <Filter>Source Files</Filter>
    </ClCompile>
    <ClCompile Include="homeview.cpp">
      <Filter>Source Files</Filter>
    </ClCompile>
    <ClCompile Include="GeneratedFiles\Debug\moc_homeview.cpp">
      <Filter>Generated Files\Debug</Filter>
    </ClCompile>
    <ClCompile Include="GeneratedFiles\Release\moc_homeview.cpp">
      <Filter>Generated Files\Release</Filter>
    </ClCompile>
    <ClCompile Include="GeneratedFiles\qrc_homeview.cpp">
      <Filter>Generated Files</Filter>
    </ClCompile>
    <ClCompile Include="..\..\3DScanner\3DScanner\calibrationController.cpp">
      <Filter>Source Files</Filter>
    </ClCompile>
    <ClCompile Include="..\..\3DScanner\3DScanner\calibrationModel.cpp">
      <Filter>Source Files</Filter>
    </ClCompile>
    <ClCompile Include="..\..\3DScanner\3DScanner\extrinsic.cpp">
      <Filter>Source Files</Filter>
    </ClCompile>
    <ClCompile Include="..\..\3DScanner\3DScanner\extrinsicController.cpp">
      <Filter>Source Files</Filter>
    </ClCompile>
    <ClCompile Include="..\..\3DScanner\3DScanner\image.cpp">
      <Filter>Source Files</Filter>
    </ClCompile>
    <ClCompile Include="..\..\3DScanner\3DScanner\intrinsic.cpp">
      <Filter>Source Files</Filter>
    </ClCompile>
    <ClCompile Include="..\..\3DScanner\3DScanner\intrinsicController.cpp">
      <Filter>Source Files</Filter>
    </ClCompile>
    <ClCompile Include="..\..\3DScanner\3DScanner\line.cpp">
      <Filter>Source Files</Filter>
    </ClCompile>
    <ClCompile Include="..\..\3DScanner\3DScanner\main.cpp">
      <Filter>Source Files</Filter>
    </ClCompile>
    <ClCompile Include="..\..\3DScanner\3DScanner\objectPoint.cpp">
      <Filter>Source Files</Filter>
    </ClCompile>
    <ClCompile Include="..\..\3DScanner\3DScanner\plane.cpp">
      <Filter>Source Files</Filter>
    </ClCompile>
    <ClCompile Include="..\..\3DScanner\3DScanner\polygonalMesh.cpp">
      <Filter>Source Files</Filter>
    </ClCompile>
    <ClCompile Include="..\..\3DScanner\3DScanner\scanController.cpp">
      <Filter>Source Files</Filter>
    </ClCompile>
    <ClCompile Include="..\..\3DScanner\3DScanner\scanModel.cpp">
      <Filter>Source Files</Filter>
    </ClCompile>
    <ClCompile Include="..\..\3DScanner\3DScanner\stdafx.cpp">
      <Filter>Source Files</Filter>
    </ClCompile>
  </ItemGroup>
  <ItemGroup>
    <CustomBuild Include="homeview.h">
      <Filter>Header Files</Filter>
    </CustomBuild>
    <CustomBuild Include="homeview.ui">
      <Filter>Form Files</Filter>
    </CustomBuild>
    <CustomBuild Include="homeview.qrc">
      <Filter>Resource Files</Filter>
    </CustomBuild>
  </ItemGroup>
  <ItemGroup>
    <ClInclude Include="GeneratedFiles\ui_homeview.h">
      <Filter>Generated Files</Filter>
    </ClInclude>
    <ClInclude Include="..\..\3DScanner\3DScanner\calibrationController.h">
      <Filter>Header Files</Filter>
    </ClInclude>
    <ClInclude Include="..\..\3DScanner\3DScanner\calibrationModel.h">
      <Filter>Header Files</Filter>
    </ClInclude>
    <ClInclude Include="..\..\3DScanner\3DScanner\extrinsic.h">
      <Filter>Header Files</Filter>
    </ClInclude>
    <ClInclude Include="..\..\3DScanner\3DScanner\extrinsicController.h">
      <Filter>Header Files</Filter>
    </ClInclude>
    <ClInclude Include="..\..\3DScanner\3DScanner\image.h">
      <Filter>Header Files</Filter>
    </ClInclude>
    <ClInclude Include="..\..\3DScanner\3DScanner\intrinsic.h">
      <Filter>Header Files</Filter>
    </ClInclude>
    <ClInclude Include="..\..\3DScanner\3DScanner\intrinsicController.h">
      <Filter>Header Files</Filter>
    </ClInclude>
    <ClInclude Include="..\..\3DScanner\3DScanner\line.h">
      <Filter>Header Files</Filter>
    </ClInclude>
    <ClInclude Include="..\..\3DScanner\3DScanner\objectPoint.h">
      <Filter>Header Files</Filter>
    </ClInclude>
    <ClInclude Include="..\..\3DScanner\3DScanner\plane.h">
      <Filter>Header Files</Filter>
    </ClInclude>
    <ClInclude Include="..\..\3DScanner\3DScanner\polygonalMesh.h">
      <Filter>Header Files</Filter>
    </ClInclude>
    <ClInclude Include="..\..\3DScanner\3DScanner\scanController.h">
      <Filter>Header Files</Filter>
    </ClInclude>
    <ClInclude Include="..\..\3DScanner\3DScanner\scanModel.h">
      <Filter>Header Files</Filter>
    </ClInclude>
    <ClInclude Include="..\..\3DScanner\3DScanner\stdafx.h">
      <Filter>Header Files</Filter>
    </ClInclude>
    <ClInclude Include="..\..\3DScanner\3DScanner\targetver.h">
      <Filter>Header Files</Filter>
    </ClInclude>
  </ItemGroup>
</Project>